<?xml version="1.0" encoding="utf-8"?>
<Project ToolsVersion="4.0" xmlns="http://schemas.microsoft.com/developer/msbuild/2003">
  <ItemGroup>
    <Filter Include="Apostle">
      <UniqueIdentifier>{1D7CA49C-895B-2338-9273-AE0EFED18999}</UniqueIdentifier>
    </Filter>
    <Filter Include="Apostle\Events">
      <UniqueIdentifier>{61C52BEE-4D93-1FF4-3627-901A2294FB58}</UniqueIdentifier>
    </Filter>
    <Filter Include="Apostle\ImGui">
      <UniqueIdentifier>{07D372E8-7393-EE1E-3CCE-379CA84D33FB}</UniqueIdentifier>
    </Filter>
    <Filter Include="Platform">
      <UniqueIdentifier>{2AC788B4-1694-E3BF-3FAD-D1672BD9184E}</UniqueIdentifier>
    </Filter>
    <Filter Include="Platform\OpenGL">
      <UniqueIdentifier>{1E7D2C1D-8A08-9AE1-9319-1DD6FF23F6E1}</UniqueIdentifier>
    </Filter>
    <Filter Include="Platform\Windows">
      <UniqueIdentifier>{64FBD71A-50F4-F66C-7926-DCF1657ED678}</UniqueIdentifier>
    </Filter>
  </ItemGroup>
  <ItemGroup>
    <ClInclude Include="src\APpch.h" />
    <ClInclude Include="src\Apostle.h" />
    <ClInclude Include="src\Apostle\Application.h">
      <Filter>Apostle</Filter>
    </ClInclude>
    <ClInclude Include="src\Apostle\Core.h">
      <Filter>Apostle</Filter>
    </ClInclude>
    <ClInclude Include="src\Apostle\EntryPoint.h">
      <Filter>Apostle</Filter>
    </ClInclude>
    <ClInclude Include="src\Apostle\Events\ApplicationEvents.h">
      <Filter>Apostle\Events</Filter>
    </ClInclude>
    <ClInclude Include="src\Apostle\Events\Events.h">
      <Filter>Apostle\Events</Filter>
    </ClInclude>
    <ClInclude Include="src\Apostle\Events\KeyEvents.h">
      <Filter>Apostle\Events</Filter>
    </ClInclude>
    <ClInclude Include="src\Apostle\Events\MouseEvents.h">
      <Filter>Apostle\Events</Filter>
    </ClInclude>
    <ClInclude Include="src\Apostle\ImGui\ImGuiLayer.h">
      <Filter>Apostle\ImGui</Filter>
    </ClInclude>
    <ClInclude Include="src\Apostle\Layer.h">
      <Filter>Apostle</Filter>
    </ClInclude>
    <ClInclude Include="src\Apostle\LayerStack.h">
      <Filter>Apostle</Filter>
    </ClInclude>
    <ClInclude Include="src\Apostle\Log.h">
      <Filter>Apostle</Filter>
    </ClInclude>
    <ClInclude Include="src\Apostle\Window.h">
      <Filter>Apostle</Filter>
    </ClInclude>
    <ClInclude Include="src\Platform\OpenGL\ImGuiOpenGLRenderer.h">
      <Filter>Platform\OpenGL</Filter>
    </ClInclude>
    <ClInclude Include="src\Platform\Windows\WindowsWindow.h">
      <Filter>Platform\Windows</Filter>
    </ClInclude>
    <ClInclude Include="vendor\imgui\backends\imgui_impl_glfw.h" />
  </ItemGroup>
  <ItemGroup>
    <ClCompile Include="src\APpch.cpp" />
    <ClCompile Include="src\Apostle\Application.cpp">
      <Filter>Apostle</Filter>
    </ClCompile>
    <ClCompile Include="src\Apostle\ImGui\ImGuiLayer.cpp">
      <Filter>Apostle\ImGui</Filter>
    </ClCompile>
    <ClCompile Include="src\Apostle\Layer.cpp">
      <Filter>Apostle</Filter>
    </ClCompile>
    <ClCompile Include="src\Apostle\LayerStack.cpp">
      <Filter>Apostle</Filter>
    </ClCompile>
    <ClCompile Include="src\Apostle\Log.cpp">
      <Filter>Apostle</Filter>
    </ClCompile>
    <ClCompile Include="src\Platform\OpenGL\ImGuiOpenGLRenderer.cpp">
      <Filter>Platform\OpenGL</Filter>
    </ClCompile>
    <ClCompile Include="src\Platform\Windows\WindowsWindow.cpp">
      <Filter>Platform\Windows</Filter>
    </ClCompile>
    <ClCompile Include="vendor\imgui\backends\imgui_impl_glfw.cpp" />
  </ItemGroup>
</Project>